
Microsoft Visual Studio Solution File, Format Version 12.00
# Visual Studio Version 17
VisualStudioVersion = 17.4.33103.184
MinimumVisualStudioVersion = 10.0.40219.1
Project("{FAE04EC0-301F-11D3-BF4B-00C04F79EFBC}") = "GorillaSpeaks", "GorillaSpeaks\GorillaSpeaks.csproj", "{D62C72E7-BC56-4C3D-96AC-D523C40567FE}"
EndProject
Global
	GlobalSection(SolutionConfigurationPlatforms) = preSolution
		Debug|Any CPU = Debug|Any CPU
		Release|Any CPU = Release|Any CPU
	EndGlobalSection
	GlobalSection(ProjectConfigurationPlatforms) = postSolution
		{D62C72E7-BC56-4C3D-96AC-D523C40567FE}.Debug|Any CPU.ActiveCfg = Debug|Any CPU
		{D62C72E7-BC56-4C3D-96AC-D523C40567FE}.Debug|Any CPU.Build.0 = Debug|Any CPU
		{D62C72E7-BC56-4C3D-96AC-D523C40567FE}.Release|Any CPU.ActiveCfg = Release|Any CPU
		{D62C72E7-BC56-4C3D-96AC-D523C40567FE}.Release|Any CPU.Build.0 = Release|Any CPU
	EndGlobalSection
	GlobalSection(SolutionProperties) = preSolution
		HideSolutionNode = FALSE
	EndGlobalSection
	GlobalSection(ExtensibilityGlobals) = postSolution
		SolutionGuid = {1B159CD7-854F-44FC-99D9-96B8581B7BDE}
	EndGlobalSection
EndGlobal
